{
  "originHash" : "fd249d61fee22f885d9936da505e370d6d99a3f9986fca1a4de911fb00351bae",
  "pins" : [
    {
      "identity" : "html-to-markdown-swift",
      "kind" : "remoteSourceControl",
      "location" : "https://github.com/jaredhowland/html-to-markdown-swift",
      "state" : {
        "revision" : "a200a4a97ac329429653d5aa4b52049cd9a6d92f",
        "version" : "0.9.0"
      }
    },
    {
      "identity" : "networkimage",
      "kind" : "remoteSourceControl",
      "location" : "https://github.com/gonzalezreal/NetworkImage",
      "state" : {
        "revision" : "2849f5323265386e200484b0d0f896e73c3411b9",
        "version" : "6.0.1"
      }
    },
    {
      "identity" : "swift-cmark",
      "kind" : "remoteSourceControl",
      "location" : "https://github.com/swiftlang/swift-cmark",
      "state" : {
        "revision" : "924936d0427cb25a61169739a7660230bffa6ea6",
        "version" : "0.8.0"
      }
    },
    {
      "identity" : "swift-markdown-ui",
      "kind" : "remoteSourceControl",
      "location" : "https://github.com/gonzalezreal/swift-markdown-ui",
      "state" : {
        "revision" : "5f613358148239d0292c0cef674a3c2314737f9e",
        "version" : "2.4.1"
      }
    },
    {
      "identity" : "swiftsoup",
      "kind" : "remoteSourceControl",
      "location" : "https://github.com/scinfu/SwiftSoup.git",
      "state" : {
        "revision" : "ead56133a693d0184d8c2db1a6d6394410cacfd6",
        "version" : "2.13.6"
      }
    }
  ],
  "version" : 3
}
